// !$*UTF8*$!
{
	archiveVersion = 1;
	classes = {
	};
	objectVersion = 51;
	objects = {

/* Begin PBXBuildFile section */
		79093E8E88FAC0A549BCEEAA /* Pods_Kasei.framework in Frameworks */ = {isa = PBXBuildFile; fileRef = B5A46E85B938EAB612295B2E /* Pods_Kasei.framework */; };
		CB0ED9E125A3F2C100B9BEB9 /* Kasei.xcdatamodeld in Sources */ = {isa = PBXBuildFile; fileRef = CB0ED9DF25A3F2C100B9BEB9 /* Kasei.xcdatamodeld */; };
		CB0ED9E525A3F5A300B9BEB9 /* CDHandler.swift in Sources */ = {isa = PBXBuildFile; fileRef = CB0ED9E425A3F5A300B9BEB9 /* CDHandler.swift */; };
		CB0ED9E825A4149E00B9BEB9 /* Login.storyboard in Resources */ = {isa = PBXBuildFile; fileRef = CB0ED9EA25A4149E00B9BEB9 /* Login.storyboard */; };
		CB0EDA1125A41C5500B9BEB9 /* Localizable.strings in Resources */ = {isa = PBXBuildFile; fileRef = CB0EDA1325A41C5500B9BEB9 /* Localizable.strings */; };
		CB0EDA1725A4225200B9BEB9 /* CheckoutDetailCell.xib in Resources */ = {isa = PBXBuildFile; fileRef = CB0EDA1925A4225200B9BEB9 /* CheckoutDetailCell.xib */; };
		CB0EDA1F25A422CE00B9BEB9 /* RequestSummaryCell.xib in Resources */ = {isa = PBXBuildFile; fileRef = CB0EDA2125A422CE00B9BEB9 /* RequestSummaryCell.xib */; };
		CB0EDA2625A4230100B9BEB9 /* RequestDetailsCell.xib in Resources */ = {isa = PBXBuildFile; fileRef = CB0EDA2825A4230100B9BEB9 /* RequestDetailsCell.xib */; };
		CB10E186256110A6009BE2A5 /* UIViewShadowExtension.swift in Sources */ = {isa = PBXBuildFile; fileRef = CB10E185256110A6009BE2A5 /* UIViewShadowExtension.swift */; };
		CB396B85255CF148006B154C /* MNButton.swift in Sources */ = {isa = PBXBuildFile; fileRef = CB396B84255CF148006B154C /* MNButton.swift */; };
		CB53B086256543100019DF5E /* CategoriesViewController.swift in Sources */ = {isa = PBXBuildFile; fileRef = CB53B085256543100019DF5E /* CategoriesViewController.swift */; };
		CB53B08925654DF00019DF5E /* ItemsViewController.swift in Sources */ = {isa = PBXBuildFile; fileRef = CB53B08825654DF00019DF5E /* ItemsViewController.swift */; };
		CB53B08D2565530B0019DF5E /* RequestItem.swift in Sources */ = {isa = PBXBuildFile; fileRef = CB53B08C2565530B0019DF5E /* RequestItem.swift */; };
		CB53B091256554AB0019DF5E /* Request.swift in Sources */ = {isa = PBXBuildFile; fileRef = CB53B090256554AB0019DF5E /* Request.swift */; };
		CB53B0D82566407B0019DF5E /* ItemCategory.swift in Sources */ = {isa = PBXBuildFile; fileRef = CB53B0D72566407B0019DF5E /* ItemCategory.swift */; };
		CB6FCEF2256532A800CC03C0 /* RequestSummaryCell.swift in Sources */ = {isa = PBXBuildFile; fileRef = CB6FCEF0256532A800CC03C0 /* RequestSummaryCell.swift */; };
		CB6FCEF92565372100CC03C0 /* RequestDetailViewController.swift in Sources */ = {isa = PBXBuildFile; fileRef = CB6FCEF72565372100CC03C0 /* RequestDetailViewController.swift */; };
		CB8944672563B6F500900839 /* FirAuthHandler.swift in Sources */ = {isa = PBXBuildFile; fileRef = CB8944662563B6F500900839 /* FirAuthHandler.swift */; };
		CB89446A2563DC1300900839 /* ProfileViewController.swift in Sources */ = {isa = PBXBuildFile; fileRef = CB8944692563DC1300900839 /* ProfileViewController.swift */; };
		CBA1065D255E001F00A44DED /* UINavBarExtension.swift in Sources */ = {isa = PBXBuildFile; fileRef = CBA1065C255E001F00A44DED /* UINavBarExtension.swift */; };
		CBAAEC86255CCB8600621139 /* MoreInfoViewController.swift in Sources */ = {isa = PBXBuildFile; fileRef = CBAAEC85255CCB8600621139 /* MoreInfoViewController.swift */; };
		CBAAEC8C255CE41100621139 /* LoginField.swift in Sources */ = {isa = PBXBuildFile; fileRef = CBAAEC8B255CE41100621139 /* LoginField.swift */; };
		CBABBCD4255B7AD00092A0D5 /* AppDelegate.swift in Sources */ = {isa = PBXBuildFile; fileRef = CBABBCD3255B7AD00092A0D5 /* AppDelegate.swift */; };
		CBABBCD6255B7AD00092A0D5 /* SceneDelegate.swift in Sources */ = {isa = PBXBuildFile; fileRef = CBABBCD5255B7AD00092A0D5 /* SceneDelegate.swift */; };
		CBABBCDB255B7AD00092A0D5 /* Main.storyboard in Resources */ = {isa = PBXBuildFile; fileRef = CBABBCD9255B7AD00092A0D5 /* Main.storyboard */; };
		CBABBCDD255B7AD20092A0D5 /* Assets.xcassets in Resources */ = {isa = PBXBuildFile; fileRef = CBABBCDC255B7AD20092A0D5 /* Assets.xcassets */; };
		CBABBCE0255B7AD20092A0D5 /* LaunchScreen.storyboard in Resources */ = {isa = PBXBuildFile; fileRef = CBABBCDE255B7AD20092A0D5 /* LaunchScreen.storyboard */; };
		CBABBCFB255B7F720092A0D5 /* GoogleService-Info.plist in Resources */ = {isa = PBXBuildFile; fileRef = CBABBCFA255B7F720092A0D5 /* GoogleService-Info.plist */; };
		CBABBD24255BB2C70092A0D5 /* LoginViewController.swift in Sources */ = {isa = PBXBuildFile; fileRef = CBABBD23255BB2C70092A0D5 /* LoginViewController.swift */; };
		CBABE976255D3770002C2BBC /* PaddingLabel.swift in Sources */ = {isa = PBXBuildFile; fileRef = CBABE975255D3770002C2BBC /* PaddingLabel.swift */; };
		CBCC9CC62564AFE20002F61D /* NewRequestViewController.swift in Sources */ = {isa = PBXBuildFile; fileRef = CBCC9CC52564AFE20002F61D /* NewRequestViewController.swift */; };
		CBCC9CC92564B60B0002F61D /* NewItemCell.swift in Sources */ = {isa = PBXBuildFile; fileRef = CBCC9CC82564B60B0002F61D /* NewItemCell.swift */; };
		CBCC9CCC2564B64C0002F61D /* NewItemCell.xib in Resources */ = {isa = PBXBuildFile; fileRef = CBCC9CCB2564B64C0002F61D /* NewItemCell.xib */; };
		CBCC9CD02564BDE00002F61D /* Request.storyboard in Resources */ = {isa = PBXBuildFile; fileRef = CBCC9CD22564BDE00002F61D /* Request.storyboard */; };
		CBCC9CD625650CD40002F61D /* CardDetailVC.xib in Resources */ = {isa = PBXBuildFile; fileRef = CBCC9CD525650CD30002F61D /* CardDetailVC.xib */; };
		CBCC9CD925650E030002F61D /* CardDetailVC.swift in Sources */ = {isa = PBXBuildFile; fileRef = CBCC9CD825650E030002F61D /* CardDetailVC.swift */; };
		CBCC9CDC25650FEC0002F61D /* ButtonCell.xib in Resources */ = {isa = PBXBuildFile; fileRef = CBCC9CDB25650FEC0002F61D /* ButtonCell.xib */; };
		CBCC9CDF256511CB0002F61D /* ButtonCell.swift in Sources */ = {isa = PBXBuildFile; fileRef = CBCC9CDE256511CB0002F61D /* ButtonCell.swift */; };
		CBCC9CE62565237A0002F61D /* RequestDetailsCell.swift in Sources */ = {isa = PBXBuildFile; fileRef = CBCC9CE52565237A0002F61D /* RequestDetailsCell.swift */; };
		CBCC9CED25652A400002F61D /* HeaderCell.xib in Resources */ = {isa = PBXBuildFile; fileRef = CBCC9CEC25652A400002F61D /* HeaderCell.xib */; };
		CBCC9CF025652B080002F61D /* ElevatedTableViewCell.swift in Sources */ = {isa = PBXBuildFile; fileRef = CBCC9CEF25652B080002F61D /* ElevatedTableViewCell.swift */; };
		CBCC9CF425652DEB0002F61D /* HeaderCell.swift in Sources */ = {isa = PBXBuildFile; fileRef = CBCC9CF325652DEB0002F61D /* HeaderCell.swift */; };
		CBD73880255F6A0600927D9A /* RequestItemCell.xib in Resources */ = {isa = PBXBuildFile; fileRef = CBD7387F255F6A0600927D9A /* RequestItemCell.xib */; };
		CBD73883255F6A5500927D9A /* RequestItemCell.swift in Sources */ = {isa = PBXBuildFile; fileRef = CBD73882255F6A5500927D9A /* RequestItemCell.swift */; };
		CBEFD82B25669054000128D0 /* CheckoutDetailCell.swift in Sources */ = {isa = PBXBuildFile; fileRef = CBEFD82A25669054000128D0 /* CheckoutDetailCell.swift */; };
		CBEFD82E2566B2DB000128D0 /* CheckoutViewController.swift in Sources */ = {isa = PBXBuildFile; fileRef = CBEFD82D2566B2DB000128D0 /* CheckoutViewController.swift */; };
		CBF48CC3255FBFB500F747E1 /* LandingViewController.swift in Sources */ = {isa = PBXBuildFile; fileRef = CBF48CC2255FBFB500F747E1 /* LandingViewController.swift */; };
/* End PBXBuildFile section */

/* Begin PBXFileReference section */
		04AA637350E9D6FCF530585D /* Pods-Kasei.release.xcconfig */ = {isa = PBXFileReference; includeInIndex = 1; lastKnownFileType = text.xcconfig; name = "Pods-Kasei.release.xcconfig"; path = "Target Support Files/Pods-Kasei/Pods-Kasei.release.xcconfig"; sourceTree = "<group>"; };
		6D6B8E49A2699A4576EEC0E8 /* Pods-Kasei.debug.xcconfig */ = {isa = PBXFileReference; includeInIndex = 1; lastKnownFileType = text.xcconfig; name = "Pods-Kasei.debug.xcconfig"; path = "Target Support Files/Pods-Kasei/Pods-Kasei.debug.xcconfig"; sourceTree = "<group>"; };
		B5A46E85B938EAB612295B2E /* Pods_Kasei.framework */ = {isa = PBXFileReference; explicitFileType = wrapper.framework; includeInIndex = 0; path = Pods_Kasei.framework; sourceTree = BUILT_PRODUCTS_DIR; };
		CB0ED9E025A3F2C100B9BEB9 /* Kasei.xcdatamodel */ = {isa = PBXFileReference; lastKnownFileType = wrapper.xcdatamodel; path = Kasei.xcdatamodel; sourceTree = "<group>"; };
		CB0ED9E425A3F5A300B9BEB9 /* CDHandler.swift */ = {isa = PBXFileReference; lastKnownFileType = sourcecode.swift; path = CDHandler.swift; sourceTree = "<group>"; };
		CB0ED9E925A4149E00B9BEB9 /* Base */ = {isa = PBXFileReference; lastKnownFileType = file.storyboard; name = Base; path = Base.lproj/Login.storyboard; sourceTree = "<group>"; };
		CB0ED9EC25A414DF00B9BEB9 /* zh-Hans */ = {isa = PBXFileReference; lastKnownFileType = text.plist.strings; name = "zh-Hans"; path = "zh-Hans.lproj/LaunchScreen.strings"; sourceTree = "<group>"; };
		CB0ED9ED25A414E000B9BEB9 /* zh-Hans */ = {isa = PBXFileReference; lastKnownFileType = text.plist.strings; name = "zh-Hans"; path = "zh-Hans.lproj/Login.strings"; sourceTree = "<group>"; };
		CB0ED9EE25A414E000B9BEB9 /* zh-Hans */ = {isa = PBXFileReference; lastKnownFileType = text.plist.strings; name = "zh-Hans"; path = "zh-Hans.lproj/Main.strings"; sourceTree = "<group>"; };
		CB0ED9EF25A414E100B9BEB9 /* zh-Hans */ = {isa = PBXFileReference; lastKnownFileType = text.plist.strings; name = "zh-Hans"; path = "zh-Hans.lproj/Request.strings"; sourceTree = "<group>"; };
		CB0EDA1225A41C5500B9BEB9 /* zh-Hans */ = {isa = PBXFileReference; lastKnownFileType = text.plist.strings; name = "zh-Hans"; path = "zh-Hans.lproj/Localizable.strings"; sourceTree = "<group>"; };
		CB0EDA1B25A4225700B9BEB9 /* Base */ = {isa = PBXFileReference; lastKnownFileType = file.xib; name = Base; path = Base.lproj/CheckoutDetailCell.xib; sourceTree = "<group>"; };
		CB0EDA1C25A4227400B9BEB9 /* zh-Hans */ = {isa = PBXFileReference; lastKnownFileType = text.plist.strings; name = "zh-Hans"; path = "zh-Hans.lproj/CheckoutDetailCell.strings"; sourceTree = "<group>"; };
		CB0EDA2025A422CE00B9BEB9 /* Base */ = {isa = PBXFileReference; lastKnownFileType = file.xib; name = Base; path = Base.lproj/RequestSummaryCell.xib; sourceTree = "<group>"; };
		CB0EDA2425A422D600B9BEB9 /* zh-Hans */ = {isa = PBXFileReference; lastKnownFileType = text.plist.strings; name = "zh-Hans"; path = "zh-Hans.lproj/RequestSummaryCell.strings"; sourceTree = "<group>"; };
		CB0EDA2725A4230100B9BEB9 /* Base */ = {isa = PBXFileReference; lastKnownFileType = file.xib; name = Base; path = Base.lproj/RequestDetailsCell.xib; sourceTree = "<group>"; };
		CB0EDA2B25A4230500B9BEB9 /* zh-Hans */ = {isa = PBXFileReference; lastKnownFileType = text.plist.strings; name = "zh-Hans"; path = "zh-Hans.lproj/RequestDetailsCell.strings"; sourceTree = "<group>"; };
		CB10E185256110A6009BE2A5 /* UIViewShadowExtension.swift */ = {isa = PBXFileReference; lastKnownFileType = sourcecode.swift; path = UIViewShadowExtension.swift; sourceTree = "<group>"; };
		CB396B84255CF148006B154C /* MNButton.swift */ = {isa = PBXFileReference; lastKnownFileType = sourcecode.swift; path = MNButton.swift; sourceTree = "<group>"; };
		CB53B085256543100019DF5E /* CategoriesViewController.swift */ = {isa = PBXFileReference; lastKnownFileType = sourcecode.swift; path = CategoriesViewController.swift; sourceTree = "<group>"; };
		CB53B08825654DF00019DF5E /* ItemsViewController.swift */ = {isa = PBXFileReference; lastKnownFileType = sourcecode.swift; path = ItemsViewController.swift; sourceTree = "<group>"; };
		CB53B08C2565530B0019DF5E /* RequestItem.swift */ = {isa = PBXFileReference; lastKnownFileType = sourcecode.swift; path = RequestItem.swift; sourceTree = "<group>"; };
		CB53B090256554AB0019DF5E /* Request.swift */ = {isa = PBXFileReference; lastKnownFileType = sourcecode.swift; path = Request.swift; sourceTree = "<group>"; };
		CB53B0D72566407B0019DF5E /* ItemCategory.swift */ = {isa = PBXFileReference; lastKnownFileType = sourcecode.swift; path = ItemCategory.swift; sourceTree = "<group>"; };
		CB6FCEF0256532A800CC03C0 /* RequestSummaryCell.swift */ = {isa = PBXFileReference; lastKnownFileType = sourcecode.swift; path = RequestSummaryCell.swift; sourceTree = "<group>"; };
		CB6FCEF72565372100CC03C0 /* RequestDetailViewController.swift */ = {isa = PBXFileReference; lastKnownFileType = sourcecode.swift; path = RequestDetailViewController.swift; sourceTree = "<group>"; };
		CB8944662563B6F500900839 /* FirAuthHandler.swift */ = {isa = PBXFileReference; lastKnownFileType = sourcecode.swift; path = FirAuthHandler.swift; sourceTree = "<group>"; };
		CB8944692563DC1300900839 /* ProfileViewController.swift */ = {isa = PBXFileReference; lastKnownFileType = sourcecode.swift; path = ProfileViewController.swift; sourceTree = "<group>"; };
		CBA1065C255E001F00A44DED /* UINavBarExtension.swift */ = {isa = PBXFileReference; lastKnownFileType = sourcecode.swift; path = UINavBarExtension.swift; sourceTree = "<group>"; };
		CBAAEC85255CCB8600621139 /* MoreInfoViewController.swift */ = {isa = PBXFileReference; lastKnownFileType = sourcecode.swift; path = MoreInfoViewController.swift; sourceTree = "<group>"; };
		CBAAEC8B255CE41100621139 /* LoginField.swift */ = {isa = PBXFileReference; lastKnownFileType = sourcecode.swift; path = LoginField.swift; sourceTree = "<group>"; };
		CBABBCD0255B7AD00092A0D5 /* Kasei.app */ = {isa = PBXFileReference; explicitFileType = wrapper.application; includeInIndex = 0; path = Kasei.app; sourceTree = BUILT_PRODUCTS_DIR; };
		CBABBCD3255B7AD00092A0D5 /* AppDelegate.swift */ = {isa = PBXFileReference; lastKnownFileType = sourcecode.swift; path = AppDelegate.swift; sourceTree = "<group>"; };
		CBABBCD5255B7AD00092A0D5 /* SceneDelegate.swift */ = {isa = PBXFileReference; lastKnownFileType = sourcecode.swift; path = SceneDelegate.swift; sourceTree = "<group>"; };
		CBABBCDA255B7AD00092A0D5 /* Base */ = {isa = PBXFileReference; lastKnownFileType = file.storyboard; name = Base; path = Base.lproj/Main.storyboard; sourceTree = "<group>"; };
		CBABBCDC255B7AD20092A0D5 /* Assets.xcassets */ = {isa = PBXFileReference; lastKnownFileType = folder.assetcatalog; path = Assets.xcassets; sourceTree = "<group>"; };
		CBABBCDF255B7AD20092A0D5 /* Base */ = {isa = PBXFileReference; lastKnownFileType = file.storyboard; name = Base; path = Base.lproj/LaunchScreen.storyboard; sourceTree = "<group>"; };
		CBABBCE1255B7AD20092A0D5 /* Info.plist */ = {isa = PBXFileReference; lastKnownFileType = text.plist.xml; path = Info.plist; sourceTree = "<group>"; };
		CBABBCFA255B7F720092A0D5 /* GoogleService-Info.plist */ = {isa = PBXFileReference; fileEncoding = 4; lastKnownFileType = text.plist.xml; path = "GoogleService-Info.plist"; sourceTree = "<group>"; };
		CBABBD23255BB2C70092A0D5 /* LoginViewController.swift */ = {isa = PBXFileReference; lastKnownFileType = sourcecode.swift; path = LoginViewController.swift; sourceTree = "<group>"; };
		CBABE975255D3770002C2BBC /* PaddingLabel.swift */ = {isa = PBXFileReference; lastKnownFileType = sourcecode.swift; path = PaddingLabel.swift; sourceTree = "<group>"; };
		CBCC9CC52564AFE20002F61D /* NewRequestViewController.swift */ = {isa = PBXFileReference; lastKnownFileType = sourcecode.swift; path = NewRequestViewController.swift; sourceTree = "<group>"; };
		CBCC9CC82564B60B0002F61D /* NewItemCell.swift */ = {isa = PBXFileReference; lastKnownFileType = sourcecode.swift; path = NewItemCell.swift; sourceTree = "<group>"; };
		CBCC9CCB2564B64C0002F61D /* NewItemCell.xib */ = {isa = PBXFileReference; lastKnownFileType = file.xib; path = NewItemCell.xib; sourceTree = "<group>"; };
		CBCC9CD12564BDE00002F61D /* Base */ = {isa = PBXFileReference; lastKnownFileType = file.storyboard; name = Base; path = Base.lproj/Request.storyboard; sourceTree = "<group>"; };
		CBCC9CD525650CD30002F61D /* CardDetailVC.xib */ = {isa = PBXFileReference; lastKnownFileType = file.xib; path = CardDetailVC.xib; sourceTree = "<group>"; };
		CBCC9CD825650E030002F61D /* CardDetailVC.swift */ = {isa = PBXFileReference; lastKnownFileType = sourcecode.swift; path = CardDetailVC.swift; sourceTree = "<group>"; };
		CBCC9CDB25650FEC0002F61D /* ButtonCell.xib */ = {isa = PBXFileReference; lastKnownFileType = file.xib; path = ButtonCell.xib; sourceTree = "<group>"; };
		CBCC9CDE256511CB0002F61D /* ButtonCell.swift */ = {isa = PBXFileReference; lastKnownFileType = sourcecode.swift; path = ButtonCell.swift; sourceTree = "<group>"; };
		CBCC9CE52565237A0002F61D /* RequestDetailsCell.swift */ = {isa = PBXFileReference; lastKnownFileType = sourcecode.swift; path = RequestDetailsCell.swift; sourceTree = "<group>"; };
		CBCC9CEC25652A400002F61D /* HeaderCell.xib */ = {isa = PBXFileReference; lastKnownFileType = file.xib; path = HeaderCell.xib; sourceTree = "<group>"; };
		CBCC9CEF25652B080002F61D /* ElevatedTableViewCell.swift */ = {isa = PBXFileReference; lastKnownFileType = sourcecode.swift; path = ElevatedTableViewCell.swift; sourceTree = "<group>"; };
		CBCC9CF325652DEB0002F61D /* HeaderCell.swift */ = {isa = PBXFileReference; lastKnownFileType = sourcecode.swift; path = HeaderCell.swift; sourceTree = "<group>"; };
		CBD7387F255F6A0600927D9A /* RequestItemCell.xib */ = {isa = PBXFileReference; lastKnownFileType = file.xib; path = RequestItemCell.xib; sourceTree = "<group>"; };
		CBD73882255F6A5500927D9A /* RequestItemCell.swift */ = {isa = PBXFileReference; lastKnownFileType = sourcecode.swift; path = RequestItemCell.swift; sourceTree = "<group>"; };
		CBEFD82A25669054000128D0 /* CheckoutDetailCell.swift */ = {isa = PBXFileReference; lastKnownFileType = sourcecode.swift; path = CheckoutDetailCell.swift; sourceTree = "<group>"; };
		CBEFD82D2566B2DB000128D0 /* CheckoutViewController.swift */ = {isa = PBXFileReference; lastKnownFileType = sourcecode.swift; path = CheckoutViewController.swift; sourceTree = "<group>"; };
		CBF48CC2255FBFB500F747E1 /* LandingViewController.swift */ = {isa = PBXFileReference; lastKnownFileType = sourcecode.swift; path = LandingViewController.swift; sourceTree = "<group>"; };
/* End PBXFileReference section */

/* Begin PBXFrameworksBuildPhase section */
		CBABBCCD255B7AD00092A0D5 /* Frameworks */ = {
			isa = PBXFrameworksBuildPhase;
			buildActionMask = 2147483647;
			files = (
				79093E8E88FAC0A549BCEEAA /* Pods_Kasei.framework in Frameworks */,
			);
			runOnlyForDeploymentPostprocessing = 0;
		};
/* End PBXFrameworksBuildPhase section */

/* Begin PBXGroup section */
		2A60BF093F837E562A387D58 /* Frameworks */ = {
			isa = PBXGroup;
			children = (
				B5A46E85B938EAB612295B2E /* Pods_Kasei.framework */,
			);
			name = Frameworks;
			sourceTree = "<group>";
		};
		6E689681A708EB8F43BEF249 /* Pods */ = {
			isa = PBXGroup;
			children = (
				6D6B8E49A2699A4576EEC0E8 /* Pods-Kasei.debug.xcconfig */,
				04AA637350E9D6FCF530585D /* Pods-Kasei.release.xcconfig */,
			);
			path = Pods;
			sourceTree = "<group>";
		};
		CB0ED9E325A3F57600B9BEB9 /* CoreData */ = {
			isa = PBXGroup;
			children = (
				CB0ED9DF25A3F2C100B9BEB9 /* Kasei.xcdatamodeld */,
				CB0ED9E425A3F5A300B9BEB9 /* CDHandler.swift */,
			);
			path = CoreData;
			sourceTree = "<group>";
		};
		CB0ED9F125A4150200B9BEB9 /* Localization Files */ = {
			isa = PBXGroup;
			children = (
				CB0EDA1325A41C5500B9BEB9 /* Localizable.strings */,
			);
			path = "Localization Files";
			sourceTree = "<group>";
		};
		CB4D1EB625666B3600DC0176 /* CheckoutDetailCell */ = {
			isa = PBXGroup;
			children = (
				CBEFD82A25669054000128D0 /* CheckoutDetailCell.swift */,
				CB0EDA1925A4225200B9BEB9 /* CheckoutDetailCell.xib */,
			);
			path = CheckoutDetailCell;
			sourceTree = "<group>";
		};
		CB53B08B256552EB0019DF5E /* Models */ = {
			isa = PBXGroup;
			children = (
				CB53B08C2565530B0019DF5E /* RequestItem.swift */,
				CB53B090256554AB0019DF5E /* Request.swift */,
				CB53B0D72566407B0019DF5E /* ItemCategory.swift */,
			);
			path = Models;
			sourceTree = "<group>";
		};
		CB6FCEEF2565328000CC03C0 /* RequestSummaryCell */ = {
			isa = PBXGroup;
			children = (
				CB6FCEF0256532A800CC03C0 /* RequestSummaryCell.swift */,
				CB0EDA2125A422CE00B9BEB9 /* RequestSummaryCell.xib */,
			);
			path = RequestSummaryCell;
			sourceTree = "<group>";
		};
		CB8944712563EECA00900839 /* Request */ = {
			isa = PBXGroup;
			children = (
				CBCC9CD22564BDE00002F61D /* Request.storyboard */,
				CBCC9CC52564AFE20002F61D /* NewRequestViewController.swift */,
				CB53B085256543100019DF5E /* CategoriesViewController.swift */,
				CB53B08825654DF00019DF5E /* ItemsViewController.swift */,
				CBEFD82D2566B2DB000128D0 /* CheckoutViewController.swift */,
			);
			path = Request;
			sourceTree = "<group>";
		};
		CBA1065B255DFFF500A44DED /* Extensions */ = {
			isa = PBXGroup;
			children = (
				CBA1065C255E001F00A44DED /* UINavBarExtension.swift */,
				CB10E185256110A6009BE2A5 /* UIViewShadowExtension.swift */,
			);
			path = Extensions;
			sourceTree = "<group>";
		};
		CBAAEC89255CE3F900621139 /* Classes */ = {
			isa = PBXGroup;
			children = (
				CBCC9CEF25652B080002F61D /* ElevatedTableViewCell.swift */,
				CB396B84255CF148006B154C /* MNButton.swift */,
				CBABE975255D3770002C2BBC /* PaddingLabel.swift */,
			);
			path = Classes;
			sourceTree = "<group>";
		};
		CBAAEC8A255CE40500621139 /* Structs */ = {
			isa = PBXGroup;
			children = (
				CBAAEC8B255CE41100621139 /* LoginField.swift */,
				CB8944662563B6F500900839 /* FirAuthHandler.swift */,
			);
			path = Structs;
			sourceTree = "<group>";
		};
		CBABBCC7255B7AD00092A0D5 = {
			isa = PBXGroup;
			children = (
				CBABBCD2255B7AD00092A0D5 /* Kasei */,
				CBABBCD1255B7AD00092A0D5 /* Products */,
				6E689681A708EB8F43BEF249 /* Pods */,
				2A60BF093F837E562A387D58 /* Frameworks */,
			);
			sourceTree = "<group>";
		};
		CBABBCD1255B7AD00092A0D5 /* Products */ = {
			isa = PBXGroup;
			children = (
				CBABBCD0255B7AD00092A0D5 /* Kasei.app */,
			);
			name = Products;
			sourceTree = "<group>";
		};
		CBABBCD2255B7AD00092A0D5 /* Kasei */ = {
			isa = PBXGroup;
			children = (
				CB0ED9F125A4150200B9BEB9 /* Localization Files */,
				CB0ED9E325A3F57600B9BEB9 /* CoreData */,
				CBABBD0A255B80BF0092A0D5 /* Delegates */,
				CBCC9CFC256530530002F61D /* Nib-Classes */,
				CBCC9D042565312A0002F61D /* Storyboard-ViewControllers */,
				CB53B08B256552EB0019DF5E /* Models */,
				CBAAEC8A255CE40500621139 /* Structs */,
				CBAAEC89255CE3F900621139 /* Classes */,
				CBA1065B255DFFF500A44DED /* Extensions */,
				CBABBCEC255B7E250092A0D5 /* Property Lists */,
				CBABBCDC255B7AD20092A0D5 /* Assets.xcassets */,
			);
			path = Kasei;
			sourceTree = "<group>";
		};
		CBABBCEB255B7E0B0092A0D5 /* LaunchScreen */ = {
			isa = PBXGroup;
			children = (
				CBABBCDE255B7AD20092A0D5 /* LaunchScreen.storyboard */,
			);
			path = LaunchScreen;
			sourceTree = "<group>";
		};
		CBABBCEC255B7E250092A0D5 /* Property Lists */ = {
			isa = PBXGroup;
			children = (
				CBABBCE1255B7AD20092A0D5 /* Info.plist */,
				CBABBCFA255B7F720092A0D5 /* GoogleService-Info.plist */,
			);
			name = "Property Lists";
			sourceTree = "<group>";
		};
		CBABBD0A255B80BF0092A0D5 /* Delegates */ = {
			isa = PBXGroup;
			children = (
				CBABBCD3255B7AD00092A0D5 /* AppDelegate.swift */,
				CBABBCD5255B7AD00092A0D5 /* SceneDelegate.swift */,
			);
			path = Delegates;
			sourceTree = "<group>";
		};
		CBABBD0B255B80D30092A0D5 /* Login */ = {
			isa = PBXGroup;
			children = (
				CB0ED9EA25A4149E00B9BEB9 /* Login.storyboard */,
				CBABBD23255BB2C70092A0D5 /* LoginViewController.swift */,
				CBAAEC85255CCB8600621139 /* MoreInfoViewController.swift */,
			);
			path = Login;
			sourceTree = "<group>";
		};
		CBABBD22255BB29C0092A0D5 /* Main */ = {
			isa = PBXGroup;
			children = (
				CBABBCD9255B7AD00092A0D5 /* Main.storyboard */,
				CBF48CC2255FBFB500F747E1 /* LandingViewController.swift */,
				CB8944692563DC1300900839 /* ProfileViewController.swift */,
				CB6FCEF72565372100CC03C0 /* RequestDetailViewController.swift */,
			);
			path = Main;
			sourceTree = "<group>";
		};
		CBCC9CFC256530530002F61D /* Nib-Classes */ = {
			isa = PBXGroup;
			children = (
				CBCC9D01256530A40002F61D /* CardDetailVC */,
				CBCC9D002565309A0002F61D /* HeaderCell */,
				CBCC9CFF256530900002F61D /* ButtonCell */,
				CBCC9CFD2565307C0002F61D /* RequestItemCell */,
				CBCC9D05256531630002F61D /* RequestDetailsCell */,
				CB6FCEEF2565328000CC03C0 /* RequestSummaryCell */,
				CBCC9CFE256530850002F61D /* NewItemCell */,
				CB4D1EB625666B3600DC0176 /* CheckoutDetailCell */,
			);
			path = "Nib-Classes";
			sourceTree = "<group>";
		};
		CBCC9CFD2565307C0002F61D /* RequestItemCell */ = {
			isa = PBXGroup;
			children = (
				CBD73882255F6A5500927D9A /* RequestItemCell.swift */,
				CBD7387F255F6A0600927D9A /* RequestItemCell.xib */,
			);
			path = RequestItemCell;
			sourceTree = "<group>";
		};
		CBCC9CFE256530850002F61D /* NewItemCell */ = {
			isa = PBXGroup;
			children = (
				CBCC9CC82564B60B0002F61D /* NewItemCell.swift */,
				CBCC9CCB2564B64C0002F61D /* NewItemCell.xib */,
			);
			path = NewItemCell;
			sourceTree = "<group>";
		};
		CBCC9CFF256530900002F61D /* ButtonCell */ = {
			isa = PBXGroup;
			children = (
				CBCC9CDE256511CB0002F61D /* ButtonCell.swift */,
				CBCC9CDB25650FEC0002F61D /* ButtonCell.xib */,
			);
			path = ButtonCell;
			sourceTree = "<group>";
		};
		CBCC9D002565309A0002F61D /* HeaderCell */ = {
			isa = PBXGroup;
			children = (
				CBCC9CF325652DEB0002F61D /* HeaderCell.swift */,
				CBCC9CEC25652A400002F61D /* HeaderCell.xib */,
			);
			path = HeaderCell;
			sourceTree = "<group>";
		};
		CBCC9D01256530A40002F61D /* CardDetailVC */ = {
			isa = PBXGroup;
			children = (
				CBCC9CD825650E030002F61D /* CardDetailVC.swift */,
				CBCC9CD525650CD30002F61D /* CardDetailVC.xib */,
			);
			path = CardDetailVC;
			sourceTree = "<group>";
		};
		CBCC9D042565312A0002F61D /* Storyboard-ViewControllers */ = {
			isa = PBXGroup;
			children = (
				CBABBCEB255B7E0B0092A0D5 /* LaunchScreen */,
				CBABBD0B255B80D30092A0D5 /* Login */,
				CBABBD22255BB29C0092A0D5 /* Main */,
				CB8944712563EECA00900839 /* Request */,
			);
			path = "Storyboard-ViewControllers";
			sourceTree = "<group>";
		};
		CBCC9D05256531630002F61D /* RequestDetailsCell */ = {
			isa = PBXGroup;
			children = (
				CBCC9CE52565237A0002F61D /* RequestDetailsCell.swift */,
				CB0EDA2825A4230100B9BEB9 /* RequestDetailsCell.xib */,
			);
			path = RequestDetailsCell;
			sourceTree = "<group>";
		};
/* End PBXGroup section */

/* Begin PBXNativeTarget section */
		CBABBCCF255B7AD00092A0D5 /* Kasei */ = {
			isa = PBXNativeTarget;
			buildConfigurationList = CBABBCE4255B7AD20092A0D5 /* Build configuration list for PBXNativeTarget "Kasei" */;
			buildPhases = (
				409DC932B7526BC5FF85A324 /* [CP] Check Pods Manifest.lock */,
				CBABBCCC255B7AD00092A0D5 /* Sources */,
				CBABBCCD255B7AD00092A0D5 /* Frameworks */,
				CBABBCCE255B7AD00092A0D5 /* Resources */,
				9033ECEB6AB70A56AD8B09F6 /* [CP] Embed Pods Frameworks */,
			);
			buildRules = (
			);
			dependencies = (
			);
			name = Kasei;
			productName = Kasei;
			productReference = CBABBCD0255B7AD00092A0D5 /* Kasei.app */;
			productType = "com.apple.product-type.application";
		};
/* End PBXNativeTarget section */

/* Begin PBXProject section */
		CBABBCC8255B7AD00092A0D5 /* Project object */ = {
			isa = PBXProject;
			attributes = {
				LastSwiftUpdateCheck = 1210;
				LastUpgradeCheck = 1210;
				TargetAttributes = {
					CBABBCCF255B7AD00092A0D5 = {
						CreatedOnToolsVersion = 12.1;
					};
				};
			};
			buildConfigurationList = CBABBCCB255B7AD00092A0D5 /* Build configuration list for PBXProject "Kasei" */;
			compatibilityVersion = "Xcode 9.3";
			developmentRegion = en;
			hasScannedForEncodings = 0;
			knownRegions = (
				en,
				Base,
				"zh-Hans",
			);
			mainGroup = CBABBCC7255B7AD00092A0D5;
			productRefGroup = CBABBCD1255B7AD00092A0D5 /* Products */;
			projectDirPath = "";
			projectRoot = "";
			targets = (
				CBABBCCF255B7AD00092A0D5 /* Kasei */,
			);
		};
/* End PBXProject section */

/* Begin PBXResourcesBuildPhase section */
		CBABBCCE255B7AD00092A0D5 /* Resources */ = {
			isa = PBXResourcesBuildPhase;
			buildActionMask = 2147483647;
			files = (
				CBABBCE0255B7AD20092A0D5 /* LaunchScreen.storyboard in Resources */,
				CBCC9CCC2564B64C0002F61D /* NewItemCell.xib in Resources */,
				CB0EDA1F25A422CE00B9BEB9 /* RequestSummaryCell.xib in Resources */,
				CBCC9CD02564BDE00002F61D /* Request.storyboard in Resources */,
				CBABBCFB255B7F720092A0D5 /* GoogleService-Info.plist in Resources */,
				CBCC9CED25652A400002F61D /* HeaderCell.xib in Resources */,
				CB0EDA1725A4225200B9BEB9 /* CheckoutDetailCell.xib in Resources */,
				CBCC9CD625650CD40002F61D /* CardDetailVC.xib in Resources */,
				CBABBCDD255B7AD20092A0D5 /* Assets.xcassets in Resources */,
				CB0EDA2625A4230100B9BEB9 /* RequestDetailsCell.xib in Resources */,
				CB0EDA1125A41C5500B9BEB9 /* Localizable.strings in Resources */,
				CB0ED9E825A4149E00B9BEB9 /* Login.storyboard in Resources */,
				CBCC9CDC25650FEC0002F61D /* ButtonCell.xib in Resources */,
				CBD73880255F6A0600927D9A /* RequestItemCell.xib in Resources */,
				CBABBCDB255B7AD00092A0D5 /* Main.storyboard in Resources */,
			);
			runOnlyForDeploymentPostprocessing = 0;
		};
/* End PBXResourcesBuildPhase section */

/* Begin PBXShellScriptBuildPhase section */
		409DC932B7526BC5FF85A324 /* [CP] Check Pods Manifest.lock */ = {
			isa = PBXShellScriptBuildPhase;
			buildActionMask = 2147483647;
			files = (
			);
			inputFileListPaths = (
			);
			inputPaths = (
				"${PODS_PODFILE_DIR_PATH}/Podfile.lock",
				"${PODS_ROOT}/Manifest.lock",
			);
			name = "[CP] Check Pods Manifest.lock";
			outputFileListPaths = (
			);
			outputPaths = (
				"$(DERIVED_FILE_DIR)/Pods-Kasei-checkManifestLockResult.txt",
			);
			runOnlyForDeploymentPostprocessing = 0;
			shellPath = /bin/sh;
			shellScript = "diff \"${PODS_PODFILE_DIR_PATH}/Podfile.lock\" \"${PODS_ROOT}/Manifest.lock\" > /dev/null\nif [ $? != 0 ] ; then\n    # print error to STDERR\n    echo \"error: The sandbox is not in sync with the Podfile.lock. Run 'pod install' or update your CocoaPods installation.\" >&2\n    exit 1\nfi\n# This output is used by Xcode 'outputs' to avoid re-running this script phase.\necho \"SUCCESS\" > \"${SCRIPT_OUTPUT_FILE_0}\"\n";
			showEnvVarsInLog = 0;
		};
		9033ECEB6AB70A56AD8B09F6 /* [CP] Embed Pods Frameworks */ = {
			isa = PBXShellScriptBuildPhase;
			buildActionMask = 2147483647;
			files = (
			);
			inputFileListPaths = (
				"${PODS_ROOT}/Target Support Files/Pods-Kasei/Pods-Kasei-frameworks-${CONFIGURATION}-input-files.xcfilelist",
			);
			name = "[CP] Embed Pods Frameworks";
			outputFileListPaths = (
				"${PODS_ROOT}/Target Support Files/Pods-Kasei/Pods-Kasei-frameworks-${CONFIGURATION}-output-files.xcfilelist",
			);
			runOnlyForDeploymentPostprocessing = 0;
			shellPath = /bin/sh;
			shellScript = "\"${PODS_ROOT}/Target Support Files/Pods-Kasei/Pods-Kasei-frameworks.sh\"\n";
			showEnvVarsInLog = 0;
		};
/* End PBXShellScriptBuildPhase section */

/* Begin PBXSourcesBuildPhase section */
		CBABBCCC255B7AD00092A0D5 /* Sources */ = {
			isa = PBXSourcesBuildPhase;
			buildActionMask = 2147483647;
			files = (
				CBCC9CDF256511CB0002F61D /* ButtonCell.swift in Sources */,
				CB53B091256554AB0019DF5E /* Request.swift in Sources */,
				CB6FCEF92565372100CC03C0 /* RequestDetailViewController.swift in Sources */,
				CBAAEC8C255CE41100621139 /* LoginField.swift in Sources */,
				CBCC9CD925650E030002F61D /* CardDetailVC.swift in Sources */,
				CBABE976255D3770002C2BBC /* PaddingLabel.swift in Sources */,
				CBD73883255F6A5500927D9A /* RequestItemCell.swift in Sources */,
				CB53B08D2565530B0019DF5E /* RequestItem.swift in Sources */,
				CBEFD82B25669054000128D0 /* CheckoutDetailCell.swift in Sources */,
				CBABBD24255BB2C70092A0D5 /* LoginViewController.swift in Sources */,
				CBAAEC86255CCB8600621139 /* MoreInfoViewController.swift in Sources */,
				CBEFD82E2566B2DB000128D0 /* CheckoutViewController.swift in Sources */,
				CB53B0D82566407B0019DF5E /* ItemCategory.swift in Sources */,
				CBCC9CC92564B60B0002F61D /* NewItemCell.swift in Sources */,
				CB6FCEF2256532A800CC03C0 /* RequestSummaryCell.swift in Sources */,
				CB10E186256110A6009BE2A5 /* UIViewShadowExtension.swift in Sources */,
				CBABBCD4255B7AD00092A0D5 /* AppDelegate.swift in Sources */,
				CB0ED9E125A3F2C100B9BEB9 /* Kasei.xcdatamodeld in Sources */,
				CB396B85255CF148006B154C /* MNButton.swift in Sources */,
				CB53B08925654DF00019DF5E /* ItemsViewController.swift in Sources */,
				CBCC9CF025652B080002F61D /* ElevatedTableViewCell.swift in Sources */,
				CBABBCD6255B7AD00092A0D5 /* SceneDelegate.swift in Sources */,
				CBCC9CF425652DEB0002F61D /* HeaderCell.swift in Sources */,
				CB8944672563B6F500900839 /* FirAuthHandler.swift in Sources */,
				CBCC9CC62564AFE20002F61D /* NewRequestViewController.swift in Sources */,
				CBF48CC3255FBFB500F747E1 /* LandingViewController.swift in Sources */,
				CB89446A2563DC1300900839 /* ProfileViewController.swift in Sources */,
				CB0ED9E525A3F5A300B9BEB9 /* CDHandler.swift in Sources */,
				CBCC9CE62565237A0002F61D /* RequestDetailsCell.swift in Sources */,
				CB53B086256543100019DF5E /* CategoriesViewController.swift in Sources */,
				CBA1065D255E001F00A44DED /* UINavBarExtension.swift in Sources */,
			);
			runOnlyForDeploymentPostprocessing = 0;
		};
/* End PBXSourcesBuildPhase section */

/* Begin PBXVariantGroup section */
		CB0ED9EA25A4149E00B9BEB9 /* Login.storyboard */ = {
			isa = PBXVariantGroup;
			children = (
				CB0ED9E925A4149E00B9BEB9 /* Base */,
				CB0ED9ED25A414E000B9BEB9 /* zh-Hans */,
			);
			name = Login.storyboard;
			sourceTree = "<group>";
		};
		CB0EDA1325A41C5500B9BEB9 /* Localizable.strings */ = {
			isa = PBXVariantGroup;
			children = (
				CB0EDA1225A41C5500B9BEB9 /* zh-Hans */,
			);
			name = Localizable.strings;
			sourceTree = "<group>";
		};
		CB0EDA1925A4225200B9BEB9 /* CheckoutDetailCell.xib */ = {
			isa = PBXVariantGroup;
			children = (
				CB0EDA1B25A4225700B9BEB9 /* Base */,
				CB0EDA1C25A4227400B9BEB9 /* zh-Hans */,
			);
			name = CheckoutDetailCell.xib;
			sourceTree = "<group>";
		};
		CB0EDA2125A422CE00B9BEB9 /* RequestSummaryCell.xib */ = {
			isa = PBXVariantGroup;
			children = (
				CB0EDA2025A422CE00B9BEB9 /* Base */,
				CB0EDA2425A422D600B9BEB9 /* zh-Hans */,
			);
			name = RequestSummaryCell.xib;
			sourceTree = "<group>";
		};
		CB0EDA2825A4230100B9BEB9 /* RequestDetailsCell.xib */ = {
			isa = PBXVariantGroup;
			children = (
				CB0EDA2725A4230100B9BEB9 /* Base */,
				CB0EDA2B25A4230500B9BEB9 /* zh-Hans */,
			);
			name = RequestDetailsCell.xib;
			sourceTree = "<group>";
		};
		CBABBCD9255B7AD00092A0D5 /* Main.storyboard */ = {
			isa = PBXVariantGroup;
			children = (
				CBABBCDA255B7AD00092A0D5 /* Base */,
				CB0ED9EE25A414E000B9BEB9 /* zh-Hans */,
			);
			name = Main.storyboard;
			sourceTree = "<group>";
		};
		CBABBCDE255B7AD20092A0D5 /* LaunchScreen.storyboard */ = {
			isa = PBXVariantGroup;
			children = (
				CBABBCDF255B7AD20092A0D5 /* Base */,
				CB0ED9EC25A414DF00B9BEB9 /* zh-Hans */,
			);
			name = LaunchScreen.storyboard;
			sourceTree = "<group>";
		};
		CBCC9CD22564BDE00002F61D /* Request.storyboard */ = {
			isa = PBXVariantGroup;
			children = (
				CBCC9CD12564BDE00002F61D /* Base */,
				CB0ED9EF25A414E100B9BEB9 /* zh-Hans */,
			);
			name = Request.storyboard;
			sourceTree = "<group>";
		};
/* End PBXVariantGroup section */

/* Begin XCBuildConfiguration section */
		CBABBCE2255B7AD20092A0D5 /* Debug */ = {
			isa = XCBuildConfiguration;
			buildSettings = {
				ALWAYS_SEARCH_USER_PATHS = NO;
				CLANG_ANALYZER_LOCALIZABILITY_NONLOCALIZED = YES;
				CLANG_ANALYZER_NONNULL = YES;
				CLANG_ANALYZER_NUMBER_OBJECT_CONVERSION = YES_AGGRESSIVE;
				CLANG_CXX_LANGUAGE_STANDARD = "gnu++14";
				CLANG_CXX_LIBRARY = "libc++";
				CLANG_ENABLE_MODULES = YES;
				CLANG_ENABLE_OBJC_ARC = YES;
				CLANG_ENABLE_OBJC_WEAK = YES;
				CLANG_WARN_BLOCK_CAPTURE_AUTORELEASING = YES;
				CLANG_WARN_BOOL_CONVERSION = YES;
				CLANG_WARN_COMMA = YES;
				CLANG_WARN_CONSTANT_CONVERSION = YES;
				CLANG_WARN_DEPRECATED_OBJC_IMPLEMENTATIONS = YES;
				CLANG_WARN_DIRECT_OBJC_ISA_USAGE = YES_ERROR;
				CLANG_WARN_DOCUMENTATION_COMMENTS = YES;
				CLANG_WARN_EMPTY_BODY = YES;
				CLANG_WARN_ENUM_CONVERSION = YES;
				CLANG_WARN_INFINITE_RECURSION = YES;
				CLANG_WARN_INT_CONVERSION = YES;
				CLANG_WARN_NON_LITERAL_NULL_CONVERSION = YES;
				CLANG_WARN_OBJC_IMPLICIT_RETAIN_SELF = YES;
				CLANG_WARN_OBJC_LITERAL_CONVERSION = YES;
				CLANG_WARN_OBJC_ROOT_CLASS = YES_ERROR;
				CLANG_WARN_QUOTED_INCLUDE_IN_FRAMEWORK_HEADER = YES;
				CLANG_WARN_RANGE_LOOP_ANALYSIS = YES;
				CLANG_WARN_STRICT_PROTOTYPES = YES;
				CLANG_WARN_SUSPICIOUS_MOVE = YES;
				CLANG_WARN_UNGUARDED_AVAILABILITY = YES_AGGRESSIVE;
				CLANG_WARN_UNREACHABLE_CODE = YES;
				CLANG_WARN__DUPLICATE_METHOD_MATCH = YES;
				COPY_PHASE_STRIP = NO;
				DEBUG_INFORMATION_FORMAT = dwarf;
				ENABLE_STRICT_OBJC_MSGSEND = YES;
				ENABLE_TESTABILITY = YES;
				GCC_C_LANGUAGE_STANDARD = gnu11;
				GCC_DYNAMIC_NO_PIC = NO;
				GCC_NO_COMMON_BLOCKS = YES;
				GCC_OPTIMIZATION_LEVEL = 0;
				GCC_PREPROCESSOR_DEFINITIONS = (
					"DEBUG=1",
					"$(inherited)",
				);
				GCC_WARN_64_TO_32_BIT_CONVERSION = YES;
				GCC_WARN_ABOUT_RETURN_TYPE = YES_ERROR;
				GCC_WARN_UNDECLARED_SELECTOR = YES;
				GCC_WARN_UNINITIALIZED_AUTOS = YES_AGGRESSIVE;
				GCC_WARN_UNUSED_FUNCTION = YES;
				GCC_WARN_UNUSED_VARIABLE = YES;
				IPHONEOS_DEPLOYMENT_TARGET = 14.1;
				MTL_ENABLE_DEBUG_INFO = INCLUDE_SOURCE;
				MTL_FAST_MATH = YES;
				ONLY_ACTIVE_ARCH = YES;
				SDKROOT = iphoneos;
				SWIFT_ACTIVE_COMPILATION_CONDITIONS = DEBUG;
				SWIFT_OPTIMIZATION_LEVEL = "-Onone";
			};
			name = Debug;
		};
		CBABBCE3255B7AD20092A0D5 /* Release */ = {
			isa = XCBuildConfiguration;
			buildSettings = {
				ALWAYS_SEARCH_USER_PATHS = NO;
				CLANG_ANALYZER_LOCALIZABILITY_NONLOCALIZED = YES;
				CLANG_ANALYZER_NONNULL = YES;
				CLANG_ANALYZER_NUMBER_OBJECT_CONVERSION = YES_AGGRESSIVE;
				CLANG_CXX_LANGUAGE_STANDARD = "gnu++14";
				CLANG_CXX_LIBRARY = "libc++";
				CLANG_ENABLE_MODULES = YES;
				CLANG_ENABLE_OBJC_ARC = YES;
				CLANG_ENABLE_OBJC_WEAK = YES;
				CLANG_WARN_BLOCK_CAPTURE_AUTORELEASING = YES;
				CLANG_WARN_BOOL_CONVERSION = YES;
				CLANG_WARN_COMMA = YES;
				CLANG_WARN_CONSTANT_CONVERSION = YES;
				CLANG_WARN_DEPRECATED_OBJC_IMPLEMENTATIONS = YES;
				CLANG_WARN_DIRECT_OBJC_ISA_USAGE = YES_ERROR;
				CLANG_WARN_DOCUMENTATION_COMMENTS = YES;
				CLANG_WARN_EMPTY_BODY = YES;
				CLANG_WARN_ENUM_CONVERSION = YES;
				CLANG_WARN_INFINITE_RECURSION = YES;
				CLANG_WARN_INT_CONVERSION = YES;
				CLANG_WARN_NON_LITERAL_NULL_CONVERSION = YES;
				CLANG_WARN_OBJC_IMPLICIT_RETAIN_SELF = YES;
				CLANG_WARN_OBJC_LITERAL_CONVERSION = YES;
				CLANG_WARN_OBJC_ROOT_CLASS = YES_ERROR;
				CLANG_WARN_QUOTED_INCLUDE_IN_FRAMEWORK_HEADER = YES;
				CLANG_WARN_RANGE_LOOP_ANALYSIS = YES;
				CLANG_WARN_STRICT_PROTOTYPES = YES;
				CLANG_WARN_SUSPICIOUS_MOVE = YES;
				CLANG_WARN_UNGUARDED_AVAILABILITY = YES_AGGRESSIVE;
				CLANG_WARN_UNREACHABLE_CODE = YES;
				CLANG_WARN__DUPLICATE_METHOD_MATCH = YES;
				COPY_PHASE_STRIP = NO;
				DEBUG_INFORMATION_FORMAT = "dwarf-with-dsym";
				ENABLE_NS_ASSERTIONS = NO;
				ENABLE_STRICT_OBJC_MSGSEND = YES;
				GCC_C_LANGUAGE_STANDARD = gnu11;
				GCC_NO_COMMON_BLOCKS = YES;
				GCC_WARN_64_TO_32_BIT_CONVERSION = YES;
				GCC_WARN_ABOUT_RETURN_TYPE = YES_ERROR;
				GCC_WARN_UNDECLARED_SELECTOR = YES;
				GCC_WARN_UNINITIALIZED_AUTOS = YES_AGGRESSIVE;
				GCC_WARN_UNUSED_FUNCTION = YES;
				GCC_WARN_UNUSED_VARIABLE = YES;
				IPHONEOS_DEPLOYMENT_TARGET = 14.1;
				MTL_ENABLE_DEBUG_INFO = NO;
				MTL_FAST_MATH = YES;
				SDKROOT = iphoneos;
				SWIFT_COMPILATION_MODE = wholemodule;
				SWIFT_OPTIMIZATION_LEVEL = "-O";
				VALIDATE_PRODUCT = YES;
			};
			name = Release;
		};
		CBABBCE5255B7AD20092A0D5 /* Debug */ = {
			isa = XCBuildConfiguration;
			baseConfigurationReference = 6D6B8E49A2699A4576EEC0E8 /* Pods-Kasei.debug.xcconfig */;
			buildSettings = {
				ASSETCATALOG_COMPILER_APPICON_NAME = AppIcon;
				ASSETCATALOG_COMPILER_GLOBAL_ACCENT_COLOR_NAME = AccentColor;
				CODE_SIGN_STYLE = Automatic;
				CURRENT_PROJECT_VERSION = 12;
				DEVELOPMENT_TEAM = 7K6ZTDFM48;
				INFOPLIST_FILE = Kasei/Info.plist;
				LD_RUNPATH_SEARCH_PATHS = (
					"$(inherited)",
					"@executable_path/Frameworks",
				);
				MARKETING_VERSION = 0.1;
				PRODUCT_BUNDLE_IDENTIFIER = orbitalsqwib.developer.Kasei;
				PRODUCT_NAME = "$(TARGET_NAME)";
				SWIFT_VERSION = 5.0;
				TARGETED_DEVICE_FAMILY = "1,2";
			};
			name = Debug;
		};
		CBABBCE6255B7AD20092A0D5 /* Release */ = {
			isa = XCBuildConfiguration;
			baseConfigurationReference = 04AA637350E9D6FCF530585D /* Pods-Kasei.release.xcconfig */;
			buildSettings = {
				ASSETCATALOG_COMPILER_APPICON_NAME = AppIcon;
				ASSETCATALOG_COMPILER_GLOBAL_ACCENT_COLOR_NAME = AccentColor;
				CODE_SIGN_STYLE = Automatic;
				CURRENT_PROJECT_VERSION = 12;
				DEVELOPMENT_TEAM = 7K6ZTDFM48;
				INFOPLIST_FILE = Kasei/Info.plist;
				LD_RUNPATH_SEARCH_PATHS = (
					"$(inherited)",
					"@executable_path/Frameworks",
				);
				MARKETING_VERSION = 0.1;
				PRODUCT_BUNDLE_IDENTIFIER = orbitalsqwib.developer.Kasei;
				PRODUCT_NAME = "$(TARGET_NAME)";
				SWIFT_VERSION = 5.0;
				TARGETED_DEVICE_FAMILY = "1,2";
			};
			name = Release;
		};
/* End XCBuildConfiguration section */

/* Begin XCConfigurationList section */
		CBABBCCB255B7AD00092A0D5 /* Build configuration list for PBXProject "Kasei" */ = {
			isa = XCConfigurationList;
			buildConfigurations = (
				CBABBCE2255B7AD20092A0D5 /* Debug */,
				CBABBCE3255B7AD20092A0D5 /* Release */,
			);
			defaultConfigurationIsVisible = 0;
			defaultConfigurationName = Release;
		};
		CBABBCE4255B7AD20092A0D5 /* Build configuration list for PBXNativeTarget "Kasei" */ = {
			isa = XCConfigurationList;
			buildConfigurations = (
				CBABBCE5255B7AD20092A0D5 /* Debug */,
				CBABBCE6255B7AD20092A0D5 /* Release */,
			);
			defaultConfigurationIsVisible = 0;
			defaultConfigurationName = Release;
		};
/* End XCConfigurationList section */

/* Begin XCVersionGroup section */
		CB0ED9DF25A3F2C100B9BEB9 /* Kasei.xcdatamodeld */ = {
			isa = XCVersionGroup;
			children = (
				CB0ED9E025A3F2C100B9BEB9 /* Kasei.xcdatamodel */,
			);
			currentVersion = CB0ED9E025A3F2C100B9BEB9 /* Kasei.xcdatamodel */;
			path = Kasei.xcdatamodeld;
			sourceTree = "<group>";
			versionGroupType = wrapper.xcdatamodel;
		};
/* End XCVersionGroup section */
	};
	rootObject = CBABBCC8255B7AD00092A0D5 /* Project object */;
}
