// !$*UTF8*$!
{
	archiveVersion = 1;
	classes = {
	};
	objectVersion = 51;
	objects = {

/* Begin PBXBuildFile section */
		79093E8E88FAC0A549BCEEAA /* Pods_Kasei.framework in Frameworks */ = {isa = PBXBuildFile; fileRef = B5A46E85B938EAB612295B2E /* Pods_Kasei.framework */; };
		CBABBCD4255B7AD00092A0D5 /* AppDelegate.swift in Sources */ = {isa = PBXBuildFile; fileRef = CBABBCD3255B7AD00092A0D5 /* AppDelegate.swift */; };
		CBABBCD6255B7AD00092A0D5 /* SceneDelegate.swift in Sources */ = {isa = PBXBuildFile; fileRef = CBABBCD5255B7AD00092A0D5 /* SceneDelegate.swift */; };
		CBABBCD8255B7AD00092A0D5 /* ViewController.swift in Sources */ = {isa = PBXBuildFile; fileRef = CBABBCD7255B7AD00092A0D5 /* ViewController.swift */; };
		CBABBCDB255B7AD00092A0D5 /* Main.storyboard in Resources */ = {isa = PBXBuildFile; fileRef = CBABBCD9255B7AD00092A0D5 /* Main.storyboard */; };
		CBABBCDD255B7AD20092A0D5 /* Assets.xcassets in Resources */ = {isa = PBXBuildFile; fileRef = CBABBCDC255B7AD20092A0D5 /* Assets.xcassets */; };
		CBABBCE0255B7AD20092A0D5 /* LaunchScreen.storyboard in Resources */ = {isa = PBXBuildFile; fileRef = CBABBCDE255B7AD20092A0D5 /* LaunchScreen.storyboard */; };
		CBABBCFB255B7F720092A0D5 /* GoogleService-Info.plist in Resources */ = {isa = PBXBuildFile; fileRef = CBABBCFA255B7F720092A0D5 /* GoogleService-Info.plist */; };
/* End PBXBuildFile section */

/* Begin PBXFileReference section */
		04AA637350E9D6FCF530585D /* Pods-Kasei.release.xcconfig */ = {isa = PBXFileReference; includeInIndex = 1; lastKnownFileType = text.xcconfig; name = "Pods-Kasei.release.xcconfig"; path = "Target Support Files/Pods-Kasei/Pods-Kasei.release.xcconfig"; sourceTree = "<group>"; };
		6D6B8E49A2699A4576EEC0E8 /* Pods-Kasei.debug.xcconfig */ = {isa = PBXFileReference; includeInIndex = 1; lastKnownFileType = text.xcconfig; name = "Pods-Kasei.debug.xcconfig"; path = "Target Support Files/Pods-Kasei/Pods-Kasei.debug.xcconfig"; sourceTree = "<group>"; };
		B5A46E85B938EAB612295B2E /* Pods_Kasei.framework */ = {isa = PBXFileReference; explicitFileType = wrapper.framework; includeInIndex = 0; path = Pods_Kasei.framework; sourceTree = BUILT_PRODUCTS_DIR; };
		CBABBCD0255B7AD00092A0D5 /* Kasei.app */ = {isa = PBXFileReference; explicitFileType = wrapper.application; includeInIndex = 0; path = Kasei.app; sourceTree = BUILT_PRODUCTS_DIR; };
		CBABBCD3255B7AD00092A0D5 /* AppDelegate.swift */ = {isa = PBXFileReference; lastKnownFileType = sourcecode.swift; path = AppDelegate.swift; sourceTree = "<group>"; };
		CBABBCD5255B7AD00092A0D5 /* SceneDelegate.swift */ = {isa = PBXFileReference; lastKnownFileType = sourcecode.swift; path = SceneDelegate.swift; sourceTree = "<group>"; };
		CBABBCD7255B7AD00092A0D5 /* ViewController.swift */ = {isa = PBXFileReference; lastKnownFileType = sourcecode.swift; path = ViewController.swift; sourceTree = "<group>"; };
		CBABBCDA255B7AD00092A0D5 /* Base */ = {isa = PBXFileReference; lastKnownFileType = file.storyboard; name = Base; path = Base.lproj/Main.storyboard; sourceTree = "<group>"; };
		CBABBCDC255B7AD20092A0D5 /* Assets.xcassets */ = {isa = PBXFileReference; lastKnownFileType = folder.assetcatalog; path = Assets.xcassets; sourceTree = "<group>"; };
		CBABBCDF255B7AD20092A0D5 /* Base */ = {isa = PBXFileReference; lastKnownFileType = file.storyboard; name = Base; path = Base.lproj/LaunchScreen.storyboard; sourceTree = "<group>"; };
		CBABBCE1255B7AD20092A0D5 /* Info.plist */ = {isa = PBXFileReference; lastKnownFileType = text.plist.xml; path = Info.plist; sourceTree = "<group>"; };
		CBABBCFA255B7F720092A0D5 /* GoogleService-Info.plist */ = {isa = PBXFileReference; fileEncoding = 4; lastKnownFileType = text.plist.xml; path = "GoogleService-Info.plist"; sourceTree = "<group>"; };
/* End PBXFileReference section */

/* Begin PBXFrameworksBuildPhase section */
		CBABBCCD255B7AD00092A0D5 /* Frameworks */ = {
			isa = PBXFrameworksBuildPhase;
			buildActionMask = 2147483647;
			files = (
				79093E8E88FAC0A549BCEEAA /* Pods_Kasei.framework in Frameworks */,
			);
			runOnlyForDeploymentPostprocessing = 0;
		};
/* End PBXFrameworksBuildPhase section */

/* Begin PBXGroup section */
		2A60BF093F837E562A387D58 /* Frameworks */ = {
			isa = PBXGroup;
			children = (
				B5A46E85B938EAB612295B2E /* Pods_Kasei.framework */,
			);
			name = Frameworks;
			sourceTree = "<group>";
		};
		6E689681A708EB8F43BEF249 /* Pods */ = {
			isa = PBXGroup;
			children = (
				6D6B8E49A2699A4576EEC0E8 /* Pods-Kasei.debug.xcconfig */,
				04AA637350E9D6FCF530585D /* Pods-Kasei.release.xcconfig */,
			);
			path = Pods;
			sourceTree = "<group>";
		};
		CBABBCC7255B7AD00092A0D5 = {
			isa = PBXGroup;
			children = (
				CBABBCD2255B7AD00092A0D5 /* Kasei */,
				CBABBCD1255B7AD00092A0D5 /* Products */,
				6E689681A708EB8F43BEF249 /* Pods */,
				2A60BF093F837E562A387D58 /* Frameworks */,
			);
			sourceTree = "<group>";
		};
		CBABBCD1255B7AD00092A0D5 /* Products */ = {
			isa = PBXGroup;
			children = (
				CBABBCD0255B7AD00092A0D5 /* Kasei.app */,
			);
			name = Products;
			sourceTree = "<group>";
		};
		CBABBCD2255B7AD00092A0D5 /* Kasei */ = {
			isa = PBXGroup;
			children = (
				CBABBD0A255B80BF0092A0D5 /* Delegates */,
				CBABBD0B255B80D30092A0D5 /* Controllers */,
				CBABBCEB255B7E0B0092A0D5 /* Storyboards */,
				CBABBCDC255B7AD20092A0D5 /* Assets.xcassets */,
				CBABBCEC255B7E250092A0D5 /* Property Lists */,
			);
			path = Kasei;
			sourceTree = "<group>";
		};
		CBABBCEB255B7E0B0092A0D5 /* Storyboards */ = {
			isa = PBXGroup;
			children = (
				CBABBCDE255B7AD20092A0D5 /* LaunchScreen.storyboard */,
				CBABBCD9255B7AD00092A0D5 /* Main.storyboard */,
			);
			path = Storyboards;
			sourceTree = "<group>";
		};
		CBABBCEC255B7E250092A0D5 /* Property Lists */ = {
			isa = PBXGroup;
			children = (
				CBABBCFA255B7F720092A0D5 /* GoogleService-Info.plist */,
				CBABBCE1255B7AD20092A0D5 /* Info.plist */,
			);
			name = "Property Lists";
			sourceTree = "<group>";
		};
		CBABBD0A255B80BF0092A0D5 /* Delegates */ = {
			isa = PBXGroup;
			children = (
				CBABBCD3255B7AD00092A0D5 /* AppDelegate.swift */,
				CBABBCD5255B7AD00092A0D5 /* SceneDelegate.swift */,
			);
			path = Delegates;
			sourceTree = "<group>";
		};
		CBABBD0B255B80D30092A0D5 /* Controllers */ = {
			isa = PBXGroup;
			children = (
				CBABBCD7255B7AD00092A0D5 /* ViewController.swift */,
			);
			path = Controllers;
			sourceTree = "<group>";
		};
/* End PBXGroup section */

/* Begin PBXNativeTarget section */
		CBABBCCF255B7AD00092A0D5 /* Kasei */ = {
			isa = PBXNativeTarget;
			buildConfigurationList = CBABBCE4255B7AD20092A0D5 /* Build configuration list for PBXNativeTarget "Kasei" */;
			buildPhases = (
				409DC932B7526BC5FF85A324 /* [CP] Check Pods Manifest.lock */,
				CBABBCCC255B7AD00092A0D5 /* Sources */,
				CBABBCCD255B7AD00092A0D5 /* Frameworks */,
				CBABBCCE255B7AD00092A0D5 /* Resources */,
				9033ECEB6AB70A56AD8B09F6 /* [CP] Embed Pods Frameworks */,
			);
			buildRules = (
			);
			dependencies = (
			);
			name = Kasei;
			productName = Kasei;
			productReference = CBABBCD0255B7AD00092A0D5 /* Kasei.app */;
			productType = "com.apple.product-type.application";
		};
/* End PBXNativeTarget section */

/* Begin PBXProject section */
		CBABBCC8255B7AD00092A0D5 /* Project object */ = {
			isa = PBXProject;
			attributes = {
				LastSwiftUpdateCheck = 1210;
				LastUpgradeCheck = 1210;
				TargetAttributes = {
					CBABBCCF255B7AD00092A0D5 = {
						CreatedOnToolsVersion = 12.1;
					};
				};
			};
			buildConfigurationList = CBABBCCB255B7AD00092A0D5 /* Build configuration list for PBXProject "Kasei" */;
			compatibilityVersion = "Xcode 9.3";
			developmentRegion = en;
			hasScannedForEncodings = 0;
			knownRegions = (
				en,
				Base,
			);
			mainGroup = CBABBCC7255B7AD00092A0D5;
			productRefGroup = CBABBCD1255B7AD00092A0D5 /* Products */;
			projectDirPath = "";
			projectRoot = "";
			targets = (
				CBABBCCF255B7AD00092A0D5 /* Kasei */,
			);
		};
/* End PBXProject section */

/* Begin PBXResourcesBuildPhase section */
		CBABBCCE255B7AD00092A0D5 /* Resources */ = {
			isa = PBXResourcesBuildPhase;
			buildActionMask = 2147483647;
			files = (
				CBABBCE0255B7AD20092A0D5 /* LaunchScreen.storyboard in Resources */,
				CBABBCFB255B7F720092A0D5 /* GoogleService-Info.plist in Resources */,
				CBABBCDD255B7AD20092A0D5 /* Assets.xcassets in Resources */,
				CBABBCDB255B7AD00092A0D5 /* Main.storyboard in Resources */,
			);
			runOnlyForDeploymentPostprocessing = 0;
		};
/* End PBXResourcesBuildPhase section */

/* Begin PBXShellScriptBuildPhase section */
		409DC932B7526BC5FF85A324 /* [CP] Check Pods Manifest.lock */ = {
			isa = PBXShellScriptBuildPhase;
			buildActionMask = 2147483647;
			files = (
			);
			inputFileListPaths = (
			);
			inputPaths = (
				"${PODS_PODFILE_DIR_PATH}/Podfile.lock",
				"${PODS_ROOT}/Manifest.lock",
			);
			name = "[CP] Check Pods Manifest.lock";
			outputFileListPaths = (
			);
			outputPaths = (
				"$(DERIVED_FILE_DIR)/Pods-Kasei-checkManifestLockResult.txt",
			);
			runOnlyForDeploymentPostprocessing = 0;
			shellPath = /bin/sh;
			shellScript = "diff \"${PODS_PODFILE_DIR_PATH}/Podfile.lock\" \"${PODS_ROOT}/Manifest.lock\" > /dev/null\nif [ $? != 0 ] ; then\n    # print error to STDERR\n    echo \"error: The sandbox is not in sync with the Podfile.lock. Run 'pod install' or update your CocoaPods installation.\" >&2\n    exit 1\nfi\n# This output is used by Xcode 'outputs' to avoid re-running this script phase.\necho \"SUCCESS\" > \"${SCRIPT_OUTPUT_FILE_0}\"\n";
			showEnvVarsInLog = 0;
		};
		9033ECEB6AB70A56AD8B09F6 /* [CP] Embed Pods Frameworks */ = {
			isa = PBXShellScriptBuildPhase;
			buildActionMask = 2147483647;
			files = (
			);
			inputFileListPaths = (
				"${PODS_ROOT}/Target Support Files/Pods-Kasei/Pods-Kasei-frameworks-${CONFIGURATION}-input-files.xcfilelist",
			);
			name = "[CP] Embed Pods Frameworks";
			outputFileListPaths = (
				"${PODS_ROOT}/Target Support Files/Pods-Kasei/Pods-Kasei-frameworks-${CONFIGURATION}-output-files.xcfilelist",
			);
			runOnlyForDeploymentPostprocessing = 0;
			shellPath = /bin/sh;
			shellScript = "\"${PODS_ROOT}/Target Support Files/Pods-Kasei/Pods-Kasei-frameworks.sh\"\n";
			showEnvVarsInLog = 0;
		};
/* End PBXShellScriptBuildPhase section */

/* Begin PBXSourcesBuildPhase section */
		CBABBCCC255B7AD00092A0D5 /* Sources */ = {
			isa = PBXSourcesBuildPhase;
			buildActionMask = 2147483647;
			files = (
				CBABBCD8255B7AD00092A0D5 /* ViewController.swift in Sources */,
				CBABBCD4255B7AD00092A0D5 /* AppDelegate.swift in Sources */,
				CBABBCD6255B7AD00092A0D5 /* SceneDelegate.swift in Sources */,
			);
			runOnlyForDeploymentPostprocessing = 0;
		};
/* End PBXSourcesBuildPhase section */

/* Begin PBXVariantGroup section */
		CBABBCD9255B7AD00092A0D5 /* Main.storyboard */ = {
			isa = PBXVariantGroup;
			children = (
				CBABBCDA255B7AD00092A0D5 /* Base */,
			);
			name = Main.storyboard;
			sourceTree = "<group>";
		};
		CBABBCDE255B7AD20092A0D5 /* LaunchScreen.storyboard */ = {
			isa = PBXVariantGroup;
			children = (
				CBABBCDF255B7AD20092A0D5 /* Base */,
			);
			name = LaunchScreen.storyboard;
			sourceTree = "<group>";
		};
/* End PBXVariantGroup section */

/* Begin XCBuildConfiguration section */
		CBABBCE2255B7AD20092A0D5 /* Debug */ = {
			isa = XCBuildConfiguration;
			buildSettings = {
				ALWAYS_SEARCH_USER_PATHS = NO;
				CLANG_ANALYZER_NONNULL = YES;
				CLANG_ANALYZER_NUMBER_OBJECT_CONVERSION = YES_AGGRESSIVE;
				CLANG_CXX_LANGUAGE_STANDARD = "gnu++14";
				CLANG_CXX_LIBRARY = "libc++";
				CLANG_ENABLE_MODULES = YES;
				CLANG_ENABLE_OBJC_ARC = YES;
				CLANG_ENABLE_OBJC_WEAK = YES;
				CLANG_WARN_BLOCK_CAPTURE_AUTORELEASING = YES;
				CLANG_WARN_BOOL_CONVERSION = YES;
				CLANG_WARN_COMMA = YES;
				CLANG_WARN_CONSTANT_CONVERSION = YES;
				CLANG_WARN_DEPRECATED_OBJC_IMPLEMENTATIONS = YES;
				CLANG_WARN_DIRECT_OBJC_ISA_USAGE = YES_ERROR;
				CLANG_WARN_DOCUMENTATION_COMMENTS = YES;
				CLANG_WARN_EMPTY_BODY = YES;
				CLANG_WARN_ENUM_CONVERSION = YES;
				CLANG_WARN_INFINITE_RECURSION = YES;
				CLANG_WARN_INT_CONVERSION = YES;
				CLANG_WARN_NON_LITERAL_NULL_CONVERSION = YES;
				CLANG_WARN_OBJC_IMPLICIT_RETAIN_SELF = YES;
				CLANG_WARN_OBJC_LITERAL_CONVERSION = YES;
				CLANG_WARN_OBJC_ROOT_CLASS = YES_ERROR;
				CLANG_WARN_QUOTED_INCLUDE_IN_FRAMEWORK_HEADER = YES;
				CLANG_WARN_RANGE_LOOP_ANALYSIS = YES;
				CLANG_WARN_STRICT_PROTOTYPES = YES;
				CLANG_WARN_SUSPICIOUS_MOVE = YES;
				CLANG_WARN_UNGUARDED_AVAILABILITY = YES_AGGRESSIVE;
				CLANG_WARN_UNREACHABLE_CODE = YES;
				CLANG_WARN__DUPLICATE_METHOD_MATCH = YES;
				COPY_PHASE_STRIP = NO;
				DEBUG_INFORMATION_FORMAT = dwarf;
				ENABLE_STRICT_OBJC_MSGSEND = YES;
				ENABLE_TESTABILITY = YES;
				GCC_C_LANGUAGE_STANDARD = gnu11;
				GCC_DYNAMIC_NO_PIC = NO;
				GCC_NO_COMMON_BLOCKS = YES;
				GCC_OPTIMIZATION_LEVEL = 0;
				GCC_PREPROCESSOR_DEFINITIONS = (
					"DEBUG=1",
					"$(inherited)",
				);
				GCC_WARN_64_TO_32_BIT_CONVERSION = YES;
				GCC_WARN_ABOUT_RETURN_TYPE = YES_ERROR;
				GCC_WARN_UNDECLARED_SELECTOR = YES;
				GCC_WARN_UNINITIALIZED_AUTOS = YES_AGGRESSIVE;
				GCC_WARN_UNUSED_FUNCTION = YES;
				GCC_WARN_UNUSED_VARIABLE = YES;
				IPHONEOS_DEPLOYMENT_TARGET = 14.1;
				MTL_ENABLE_DEBUG_INFO = INCLUDE_SOURCE;
				MTL_FAST_MATH = YES;
				ONLY_ACTIVE_ARCH = YES;
				SDKROOT = iphoneos;
				SWIFT_ACTIVE_COMPILATION_CONDITIONS = DEBUG;
				SWIFT_OPTIMIZATION_LEVEL = "-Onone";
			};
			name = Debug;
		};
		CBABBCE3255B7AD20092A0D5 /* Release */ = {
			isa = XCBuildConfiguration;
			buildSettings = {
				ALWAYS_SEARCH_USER_PATHS = NO;
				CLANG_ANALYZER_NONNULL = YES;
				CLANG_ANALYZER_NUMBER_OBJECT_CONVERSION = YES_AGGRESSIVE;
				CLANG_CXX_LANGUAGE_STANDARD = "gnu++14";
				CLANG_CXX_LIBRARY = "libc++";
				CLANG_ENABLE_MODULES = YES;
				CLANG_ENABLE_OBJC_ARC = YES;
				CLANG_ENABLE_OBJC_WEAK = YES;
				CLANG_WARN_BLOCK_CAPTURE_AUTORELEASING = YES;
				CLANG_WARN_BOOL_CONVERSION = YES;
				CLANG_WARN_COMMA = YES;
				CLANG_WARN_CONSTANT_CONVERSION = YES;
				CLANG_WARN_DEPRECATED_OBJC_IMPLEMENTATIONS = YES;
				CLANG_WARN_DIRECT_OBJC_ISA_USAGE = YES_ERROR;
				CLANG_WARN_DOCUMENTATION_COMMENTS = YES;
				CLANG_WARN_EMPTY_BODY = YES;
				CLANG_WARN_ENUM_CONVERSION = YES;
				CLANG_WARN_INFINITE_RECURSION = YES;
				CLANG_WARN_INT_CONVERSION = YES;
				CLANG_WARN_NON_LITERAL_NULL_CONVERSION = YES;
				CLANG_WARN_OBJC_IMPLICIT_RETAIN_SELF = YES;
				CLANG_WARN_OBJC_LITERAL_CONVERSION = YES;
				CLANG_WARN_OBJC_ROOT_CLASS = YES_ERROR;
				CLANG_WARN_QUOTED_INCLUDE_IN_FRAMEWORK_HEADER = YES;
				CLANG_WARN_RANGE_LOOP_ANALYSIS = YES;
				CLANG_WARN_STRICT_PROTOTYPES = YES;
				CLANG_WARN_SUSPICIOUS_MOVE = YES;
				CLANG_WARN_UNGUARDED_AVAILABILITY = YES_AGGRESSIVE;
				CLANG_WARN_UNREACHABLE_CODE = YES;
				CLANG_WARN__DUPLICATE_METHOD_MATCH = YES;
				COPY_PHASE_STRIP = NO;
				DEBUG_INFORMATION_FORMAT = "dwarf-with-dsym";
				ENABLE_NS_ASSERTIONS = NO;
				ENABLE_STRICT_OBJC_MSGSEND = YES;
				GCC_C_LANGUAGE_STANDARD = gnu11;
				GCC_NO_COMMON_BLOCKS = YES;
				GCC_WARN_64_TO_32_BIT_CONVERSION = YES;
				GCC_WARN_ABOUT_RETURN_TYPE = YES_ERROR;
				GCC_WARN_UNDECLARED_SELECTOR = YES;
				GCC_WARN_UNINITIALIZED_AUTOS = YES_AGGRESSIVE;
				GCC_WARN_UNUSED_FUNCTION = YES;
				GCC_WARN_UNUSED_VARIABLE = YES;
				IPHONEOS_DEPLOYMENT_TARGET = 14.1;
				MTL_ENABLE_DEBUG_INFO = NO;
				MTL_FAST_MATH = YES;
				SDKROOT = iphoneos;
				SWIFT_COMPILATION_MODE = wholemodule;
				SWIFT_OPTIMIZATION_LEVEL = "-O";
				VALIDATE_PRODUCT = YES;
			};
			name = Release;
		};
		CBABBCE5255B7AD20092A0D5 /* Debug */ = {
			isa = XCBuildConfiguration;
			baseConfigurationReference = 6D6B8E49A2699A4576EEC0E8 /* Pods-Kasei.debug.xcconfig */;
			buildSettings = {
				ASSETCATALOG_COMPILER_APPICON_NAME = AppIcon;
				ASSETCATALOG_COMPILER_GLOBAL_ACCENT_COLOR_NAME = AccentColor;
				CODE_SIGN_STYLE = Automatic;
				CURRENT_PROJECT_VERSION = 2;
				INFOPLIST_FILE = Kasei/Info.plist;
				LD_RUNPATH_SEARCH_PATHS = (
					"$(inherited)",
					"@executable_path/Frameworks",
				);
				MARKETING_VERSION = 0.1;
				PRODUCT_BUNDLE_IDENTIFIER = orbitalsqwib.developer.Kasei;
				PRODUCT_NAME = "$(TARGET_NAME)";
				SWIFT_VERSION = 5.0;
				TARGETED_DEVICE_FAMILY = "1,2";
			};
			name = Debug;
		};
		CBABBCE6255B7AD20092A0D5 /* Release */ = {
			isa = XCBuildConfiguration;
			baseConfigurationReference = 04AA637350E9D6FCF530585D /* Pods-Kasei.release.xcconfig */;
			buildSettings = {
				ASSETCATALOG_COMPILER_APPICON_NAME = AppIcon;
				ASSETCATALOG_COMPILER_GLOBAL_ACCENT_COLOR_NAME = AccentColor;
				CODE_SIGN_STYLE = Automatic;
				CURRENT_PROJECT_VERSION = 2;
				INFOPLIST_FILE = Kasei/Info.plist;
				LD_RUNPATH_SEARCH_PATHS = (
					"$(inherited)",
					"@executable_path/Frameworks",
				);
				MARKETING_VERSION = 0.1;
				PRODUCT_BUNDLE_IDENTIFIER = orbitalsqwib.developer.Kasei;
				PRODUCT_NAME = "$(TARGET_NAME)";
				SWIFT_VERSION = 5.0;
				TARGETED_DEVICE_FAMILY = "1,2";
			};
			name = Release;
		};
/* End XCBuildConfiguration section */

/* Begin XCConfigurationList section */
		CBABBCCB255B7AD00092A0D5 /* Build configuration list for PBXProject "Kasei" */ = {
			isa = XCConfigurationList;
			buildConfigurations = (
				CBABBCE2255B7AD20092A0D5 /* Debug */,
				CBABBCE3255B7AD20092A0D5 /* Release */,
			);
			defaultConfigurationIsVisible = 0;
			defaultConfigurationName = Release;
		};
		CBABBCE4255B7AD20092A0D5 /* Build configuration list for PBXNativeTarget "Kasei" */ = {
			isa = XCConfigurationList;
			buildConfigurations = (
				CBABBCE5255B7AD20092A0D5 /* Debug */,
				CBABBCE6255B7AD20092A0D5 /* Release */,
			);
			defaultConfigurationIsVisible = 0;
			defaultConfigurationName = Release;
		};
/* End XCConfigurationList section */
	};
	rootObject = CBABBCC8255B7AD00092A0D5 /* Project object */;
}
